
Microsoft Visual Studio Solution File, Format Version 12.00
# Visual Studio Version 16
VisualStudioVersion = 16.0.29025.244
MinimumVisualStudioVersion = 10.0.40219.1
Project("{2150E333-8FDC-42A3-9474-1A3956D46DE8}") = "Utilities", "Utilities", "{63D1C307-B409-492E-87B5-828FAB9A47D9}"
EndProject
Project("{2150E333-8FDC-42A3-9474-1A3956D46DE8}") = "Services", "Services", "{052AE8BA-480B-4CE4-9515-318E41C515B8}"
EndProject
Project("{2150E333-8FDC-42A3-9474-1A3956D46DE8}") = "Solution Items", "Solution Items", "{E5DFAFE4-FEFB-480E-8FC9-33548600C41F}"
EndProject
Project("{9A19103F-16F7-4668-BE54-9A1E7A4F7556}") = "BCloudServiceUtilities-BDatabaseService-AWS", "Utilities\BCloudServiceUtilities-BDatabaseService-AWS\BCloudServiceUtilities-BDatabaseService-AWS.csproj", "{0479AEE5-3B55-4A1E-97D5-F25F1309482F}"
EndProject
Project("{9A19103F-16F7-4668-BE54-9A1E7A4F7556}") = "BCloudServiceUtilities-BDatabaseService-GC", "Utilities\BCloudServiceUtilities-BDatabaseService-GC\BCloudServiceUtilities-BDatabaseService-GC.csproj", "{1B30DAB9-8BFB-41AA-8664-184139845102}"
EndProject
Project("{9A19103F-16F7-4668-BE54-9A1E7A4F7556}") = "BCloudServiceUtilities-BFileService-AWS", "Utilities\BCloudServiceUtilities-BFileService-AWS\BCloudServiceUtilities-BFileService-AWS.csproj", "{660A6CA5-8587-41C4-9CE6-EC64ED527A35}"
EndProject
Project("{9A19103F-16F7-4668-BE54-9A1E7A4F7556}") = "BCloudServiceUtilities-BFileService-GC", "Utilities\BCloudServiceUtilities-BFileService-GC\BCloudServiceUtilities-BFileService-GC.csproj", "{94C5CA3C-506D-47D0-BD71-AC998340BAF3}"
EndProject
Project("{9A19103F-16F7-4668-BE54-9A1E7A4F7556}") = "BCloudServiceUtilities-BLoggingService-AWS", "Utilities\BCloudServiceUtilities-BLoggingService-AWS\BCloudServiceUtilities-BLoggingService-AWS.csproj", "{3C0A6F16-AAE7-4B64-A2D9-38CD5D7C33B6}"
EndProject
Project("{9A19103F-16F7-4668-BE54-9A1E7A4F7556}") = "BCloudServiceUtilities-BLoggingService-GC", "Utilities\BCloudServiceUtilities-BLoggingService-GC\BCloudServiceUtilities-BLoggingService-GC.csproj", "{1C8D99C8-0557-4E05-A0EB-0C50A8723910}"
EndProject
Project("{9A19103F-16F7-4668-BE54-9A1E7A4F7556}") = "BCloudServiceUtilities-BMailService-SendGrid", "Utilities\BCloudServiceUtilities-BMailService-SendGrid\BCloudServiceUtilities-BMailService-SendGrid.csproj", "{5B09D876-B2DB-46EA-ABDC-130E6DA6E82C}"
EndProject
Project("{9A19103F-16F7-4668-BE54-9A1E7A4F7556}") = "BCloudServiceUtilities-BMemoryService-Redis", "Utilities\BCloudServiceUtilities-BMemoryService-Redis\BCloudServiceUtilities-BMemoryService-Redis.csproj", "{C6ABB91E-89A6-420F-ACBF-7119C8821EB8}"
EndProject
Project("{9A19103F-16F7-4668-BE54-9A1E7A4F7556}") = "BCloudServiceUtilities-BPresentationService-GC", "Utilities\BCloudServiceUtilities-BPresentationService-GC\BCloudServiceUtilities-BPresentationService-GC.csproj", "{CC418054-A1A3-42DD-8214-935005249DDF}"
EndProject
Project("{9A19103F-16F7-4668-BE54-9A1E7A4F7556}") = "BCloudServiceUtilities-BPubSubService-AWS", "Utilities\BCloudServiceUtilities-BPubSubService-AWS\BCloudServiceUtilities-BPubSubService-AWS.csproj", "{C353C6B8-BD4E-4CF0-B213-7C7B28842066}"
EndProject
Project("{9A19103F-16F7-4668-BE54-9A1E7A4F7556}") = "BCloudServiceUtilities-BPubSubService-GC", "Utilities\BCloudServiceUtilities-BPubSubService-GC\BCloudServiceUtilities-BPubSubService-GC.csproj", "{CC75BF42-AF11-48B9-8F1F-86F5194D0C28}"
EndProject
Project("{9A19103F-16F7-4668-BE54-9A1E7A4F7556}") = "BCloudServiceUtilities-BPubSubService-Redis", "Utilities\BCloudServiceUtilities-BPubSubService-Redis\BCloudServiceUtilities-BPubSubService-Redis.csproj", "{9BEA5119-4EDD-4685-970C-C4FAD9CB06F1}"
EndProject
Project("{9A19103F-16F7-4668-BE54-9A1E7A4F7556}") = "BCloudServiceUtilities-BTracingService-Zipkin", "Utilities\BCloudServiceUtilities-BTracingService-Zipkin\BCloudServiceUtilities-BTracingService-Zipkin.csproj", "{1FAD2822-6E27-44DD-8AC0-3E90635BC0B8}"
EndProject
Project("{FAE04EC0-301F-11D3-BF4B-00C04F79EFBC}") = "BCloudServiceUtilities-Tests", "Utilities\BCloudServiceUtilities-Tests\BCloudServiceUtilities-Tests.csproj", "{41C90E45-F102-452E-921F-803914DFF09D}"
EndProject
Project("{9A19103F-16F7-4668-BE54-9A1E7A4F7556}") = "BCloudServiceUtilities", "Utilities\BCloudServiceUtilities\BCloudServiceUtilities.csproj", "{C01963FB-2FE6-4D69-BD3E-1D4D33D8686F}"
EndProject
Project("{9A19103F-16F7-4668-BE54-9A1E7A4F7556}") = "BCommonUtilities", "Utilities\BCommonUtilities\BCommonUtilities.csproj", "{DAA7F36D-3BCA-49BE-943D-2215710EA40F}"
EndProject
Project("{9A19103F-16F7-4668-BE54-9A1E7A4F7556}") = "BWebServiceUtilities", "Utilities\BWebServiceUtilities\BWebServiceUtilities.csproj", "{EB5474E7-F207-4025-BB6D-5CE4304D4A18}"
EndProject
Project("{9A19103F-16F7-4668-BE54-9A1E7A4F7556}") = "BCloudServiceUtilities-BSMSService-Twilio", "Utilities\BCloudServiceUtilities-BSMSService-Twilio\BCloudServiceUtilities-BSMSService-Twilio.csproj", "{FC4FD518-FC36-48D8-B458-0C7258229745}"
EndProject
Project("{9A19103F-16F7-4668-BE54-9A1E7A4F7556}") = "BSecretManagementService", "Services\BSecretManagementService\BSecretManagementService.csproj", "{12DA451B-D5B9-453B-8B07-FFFCCBA7742E}"
EndProject
Project("{9A19103F-16F7-4668-BE54-9A1E7A4F7556}") = "BCloudServiceUtilities-BDatabaseService-MongoDB", "Utilities\BCloudServiceUtilities-BDatabaseService-MongoDB\BCloudServiceUtilities-BDatabaseService-MongoDB.csproj", "{1ACDADFE-53D8-4171-BB66-85AFE91205DD}"
EndProject
Project("{9A19103F-16F7-4668-BE54-9A1E7A4F7556}") = "BCloudServiceUtilities-BTracingService-GC", "Utilities\BCloudServiceUtilities-BTracingService-GC\BCloudServiceUtilities-BTracingService-GC.csproj", "{4A1405F7-7488-4F1C-A520-FF90EF8AF83B}"
EndProject
Project("{D954291E-2A0B-460D-934E-DC6B0785DB48}") = "BServiceUtilities-TracingService-Zipkin", "Services\BServiceUtilities-TracingService-Zipkin\BServiceUtilities-TracingService-Zipkin.shproj", "{18AFC8BD-2D17-40F0-B02C-34F67C5A7D79}"
EndProject
Project("{D954291E-2A0B-460D-934E-DC6B0785DB48}") = "BServiceUtilities-TracingService-GC", "Services\BServiceUtilities-TracingService-GC\BServiceUtilities-TracingService-GC.shproj", "{69BF3823-D5CD-42C4-BE63-8133A6D97A93}"
EndProject
Project("{D954291E-2A0B-460D-934E-DC6B0785DB48}") = "BServiceUtilities-SMSService-Twilio", "Services\BServiceUtilities-SMSService-Twilio\BServiceUtilities-SMSService-Twilio.shproj", "{B4DD4534-945F-4FD1-894D-E5AC2CC254FC}"
EndProject
Project("{D954291E-2A0B-460D-934E-DC6B0785DB48}") = "BServiceUtilities-PubSubService-AWS", "Services\BServiceUtilities-PubSubService-AWS\BServiceUtilities-PubSubService-AWS.shproj", "{6A9D7D85-897B-4660-B068-C8246BE79519}"
EndProject
Project("{D954291E-2A0B-460D-934E-DC6B0785DB48}") = "BServiceUtilities-PubSubService-GC", "Services\BServiceUtilities-PubSubService-GC\BServiceUtilities-PubSubService-GC.shproj", "{1CE00F9B-1598-40BC-80B0-A184D2A68246}"
EndProject
Project("{D954291E-2A0B-460D-934E-DC6B0785DB48}") = "BServiceUtilities-PubSubService-Redis", "Services\BServiceUtilities-PubSubService-Redis\BServiceUtilities-PubSubService-Redis.shproj", "{58D5D147-A1C6-4051-9CB0-1D4B44949AA6}"
EndProject
Project("{D954291E-2A0B-460D-934E-DC6B0785DB48}") = "BServiceUtilities-MemoryService-Redis", "Services\BServiceUtilities-MemoryService-Redis\BServiceUtilities-MemoryService-Redis.shproj", "{5CF16D7B-E3ED-463B-BBD9-BA483A7EB4BE}"
EndProject
Project("{D954291E-2A0B-460D-934E-DC6B0785DB48}") = "BServiceUtilities-MailService-SendGrid", "Services\BServiceUtilities-MailService-SendGrid\BServiceUtilities-MailService-SendGrid.shproj", "{66A97FF4-5D8D-44E4-B5A0-2875B566DCB9}"
EndProject
Project("{D954291E-2A0B-460D-934E-DC6B0785DB48}") = "BServiceUtilities-FileService-AWS", "Services\BServiceUtilities-FileService-AWS\BServiceUtilities-FileService-AWS.shproj", "{1C6C3236-F3D0-41D7-8E27-25FC29439511}"
EndProject
Project("{D954291E-2A0B-460D-934E-DC6B0785DB48}") = "BServiceUtilities-FileService-GC", "Services\BServiceUtilities-FileService-GC\BServiceUtilities-FileService-GC.shproj", "{C7D560AC-A66B-44E9-8634-26543A8EAD2D}"
EndProject
Project("{D954291E-2A0B-460D-934E-DC6B0785DB48}") = "BServiceUtilities-DatabaseService-AWS", "Services\BServiceUtilities-DatabaseService-AWS\BServiceUtilities-DatabaseService-AWS.shproj", "{D41EDAE0-59E2-4FAF-9FDA-B36C7B22AC60}"
EndProject
Project("{D954291E-2A0B-460D-934E-DC6B0785DB48}") = "BServiceUtilities-DatabaseService-GC", "Services\BServiceUtilities-DatabaseService-GC\BServiceUtilities-DatabaseService-GC.shproj", "{747F302D-F7A8-468B-BE17-0DFC46A1F181}"
EndProject
Project("{9A19103F-16F7-4668-BE54-9A1E7A4F7556}") = "BCloudServiceUtilities-BLoggingService-Basic", "Utilities\BCloudServiceUtilities-BLoggingService-Basic\BCloudServiceUtilities-BLoggingService-Basic.csproj", "{7205BCBC-E07C-46ED-8561-A1663515AEC6}"
EndProject
Project("{D954291E-2A0B-460D-934E-DC6B0785DB48}") = "BServiceUtilities-LoggingService-AWS", "Services\BServiceUtilities-LoggingService-AWS\BServiceUtilities-LoggingService-AWS.shproj", "{1D64AFE7-5361-41BF-A1AC-95CE4B81D988}"
EndProject
Project("{D954291E-2A0B-460D-934E-DC6B0785DB48}") = "BServiceUtilities-LoggingService-GC", "Services\BServiceUtilities-LoggingService-GC\BServiceUtilities-LoggingService-GC.shproj", "{ABF9C164-ADDE-4E24-B5D9-2B4247F323D9}"
EndProject
Project("{D954291E-2A0B-460D-934E-DC6B0785DB48}") = "BServiceUtilities", "Services\BServiceUtilities\BServiceUtilities.shproj", "{CD786AA9-0EFF-4445-B49C-FAE46451F8BC}"
EndProject
Project("{9A19103F-16F7-4668-BE54-9A1E7A4F7556}") = "BWebServiceUtilities-GC", "Utilities\BWebServiceUtilities-GC\BWebServiceUtilities-GC.csproj", "{1C644898-999F-4A15-8C16-9ACD72F9C828}"
EndProject
Project("{FAE04EC0-301F-11D3-BF4B-00C04F79EFBC}") = "BCloudServiceUtilities-BVMService-GC", "Utilities\BCloudServiceUtilities-BVMService-GC\BCloudServiceUtilities-BVMService-GC.csproj", "{F60CF01A-1F41-450D-ADB2-8DACAD537E96}"
EndProject
Project("{D954291E-2A0B-460D-934E-DC6B0785DB48}") = "BServiceUtilities-VMService-GC", "Services\BServiceUtilities-VMService-GC\BServiceUtilities-VMService-GC.shproj", "{957218FD-0307-4215-B7C9-CA7D207A0309}"
EndProject
Global
	GlobalSection(SharedMSBuildProjectFiles) = preSolution
		Services\BServiceUtilities-FileService-GC\BServiceUtilities-FileService-GC.projitems*{12da451b-d5b9-453b-8b07-fffccba7742e}*SharedItemsImports = 5
		Services\BServiceUtilities-TracingService-GC\BServiceUtilities-TracingService-GC.projitems*{12da451b-d5b9-453b-8b07-fffccba7742e}*SharedItemsImports = 5
		Services\BServiceUtilities\BServiceUtilities.projitems*{12da451b-d5b9-453b-8b07-fffccba7742e}*SharedItemsImports = 5
		Services\BServiceUtilities-TracingService-Zipkin\BServiceUtilities-TracingService-Zipkin.projitems*{18afc8bd-2d17-40f0-b02c-34f67c5a7d79}*SharedItemsImports = 13
		Services\BServiceUtilities-FileService-AWS\BServiceUtilities-FileService-AWS.projitems*{1c6c3236-f3d0-41d7-8e27-25fc29439511}*SharedItemsImports = 13
		Services\BServiceUtilities-PubSubService-GC\BServiceUtilities-PubSubService-GC.projitems*{1ce00f9b-1598-40bc-80b0-a184d2a68246}*SharedItemsImports = 13
		Services\BServiceUtilities-LoggingService-AWS\BServiceUtilities-LoggingService-AWS.projitems*{1d64afe7-5361-41bf-a1ac-95ce4b81d988}*SharedItemsImports = 13
		Services\BServiceUtilities-PubSubService-Redis\BServiceUtilities-PubSubService-Redis.projitems*{58d5d147-a1c6-4051-9cb0-1d4b44949aa6}*SharedItemsImports = 13
		Services\BServiceUtilities-MemoryService-Redis\BServiceUtilities-MemoryService-Redis.projitems*{5cf16d7b-e3ed-463b-bbd9-ba483a7eb4be}*SharedItemsImports = 13
		Services\BServiceUtilities-MailService-SendGrid\BServiceUtilities-MailService-SendGrid.projitems*{66a97ff4-5d8d-44e4-b5a0-2875b566dcb9}*SharedItemsImports = 13
		Services\BServiceUtilities-TracingService-GC\BServiceUtilities-TracingService-GC.projitems*{69bf3823-d5cd-42c4-be63-8133a6d97a93}*SharedItemsImports = 13
		Services\BServiceUtilities-PubSubService-AWS\BServiceUtilities-PubSubService-AWS.projitems*{6a9d7d85-897b-4660-b068-c8246be79519}*SharedItemsImports = 13
		Services\BServiceUtilities-DatabaseService-GC\BServiceUtilities-DatabaseService-GC.projitems*{747f302d-f7a8-468b-be17-0dfc46a1f181}*SharedItemsImports = 13
		Services\BServiceUtilities-VMService-GC\BServiceUtilities-VMService-GC.projitems*{957218fd-0307-4215-b7c9-ca7d207a0309}*SharedItemsImports = 13
		Services\BServiceUtilities-LoggingService-GC\BServiceUtilities-LoggingService-GC.projitems*{abf9c164-adde-4e24-b5d9-2b4247f323d9}*SharedItemsImports = 13
		Services\BServiceUtilities-SMSService-Twilio\BServiceUtilities-SMSService-Twilio.projitems*{b4dd4534-945f-4fd1-894d-e5ac2cc254fc}*SharedItemsImports = 13
		Services\BServiceUtilities-FileService-GC\BServiceUtilities-FileService-GC.projitems*{c7d560ac-a66b-44e9-8634-26543a8ead2d}*SharedItemsImports = 13
		Services\BServiceUtilities\BServiceUtilities.projitems*{cd786aa9-0eff-4445-b49c-fae46451f8bc}*SharedItemsImports = 13
		Services\BServiceUtilities-DatabaseService-AWS\BServiceUtilities-DatabaseService-AWS.projitems*{d41edae0-59e2-4faf-9fda-b36c7b22ac60}*SharedItemsImports = 13
	EndGlobalSection
	GlobalSection(SolutionConfigurationPlatforms) = preSolution
		Debug|Any CPU = Debug|Any CPU
		Release|Any CPU = Release|Any CPU
	EndGlobalSection
	GlobalSection(ProjectConfigurationPlatforms) = postSolution
		{0479AEE5-3B55-4A1E-97D5-F25F1309482F}.Debug|Any CPU.ActiveCfg = Debug|Any CPU
		{0479AEE5-3B55-4A1E-97D5-F25F1309482F}.Debug|Any CPU.Build.0 = Debug|Any CPU
		{0479AEE5-3B55-4A1E-97D5-F25F1309482F}.Release|Any CPU.ActiveCfg = Release|Any CPU
		{0479AEE5-3B55-4A1E-97D5-F25F1309482F}.Release|Any CPU.Build.0 = Release|Any CPU
		{1B30DAB9-8BFB-41AA-8664-184139845102}.Debug|Any CPU.ActiveCfg = Debug|Any CPU
		{1B30DAB9-8BFB-41AA-8664-184139845102}.Debug|Any CPU.Build.0 = Debug|Any CPU
		{1B30DAB9-8BFB-41AA-8664-184139845102}.Release|Any CPU.ActiveCfg = Release|Any CPU
		{1B30DAB9-8BFB-41AA-8664-184139845102}.Release|Any CPU.Build.0 = Release|Any CPU
		{660A6CA5-8587-41C4-9CE6-EC64ED527A35}.Debug|Any CPU.ActiveCfg = Debug|Any CPU
		{660A6CA5-8587-41C4-9CE6-EC64ED527A35}.Debug|Any CPU.Build.0 = Debug|Any CPU
		{660A6CA5-8587-41C4-9CE6-EC64ED527A35}.Release|Any CPU.ActiveCfg = Release|Any CPU
		{660A6CA5-8587-41C4-9CE6-EC64ED527A35}.Release|Any CPU.Build.0 = Release|Any CPU
		{94C5CA3C-506D-47D0-BD71-AC998340BAF3}.Debug|Any CPU.ActiveCfg = Debug|Any CPU
		{94C5CA3C-506D-47D0-BD71-AC998340BAF3}.Debug|Any CPU.Build.0 = Debug|Any CPU
		{94C5CA3C-506D-47D0-BD71-AC998340BAF3}.Release|Any CPU.ActiveCfg = Release|Any CPU
		{94C5CA3C-506D-47D0-BD71-AC998340BAF3}.Release|Any CPU.Build.0 = Release|Any CPU
		{3C0A6F16-AAE7-4B64-A2D9-38CD5D7C33B6}.Debug|Any CPU.ActiveCfg = Debug|Any CPU
		{3C0A6F16-AAE7-4B64-A2D9-38CD5D7C33B6}.Debug|Any CPU.Build.0 = Debug|Any CPU
		{3C0A6F16-AAE7-4B64-A2D9-38CD5D7C33B6}.Release|Any CPU.ActiveCfg = Release|Any CPU
		{3C0A6F16-AAE7-4B64-A2D9-38CD5D7C33B6}.Release|Any CPU.Build.0 = Release|Any CPU
		{1C8D99C8-0557-4E05-A0EB-0C50A8723910}.Debug|Any CPU.ActiveCfg = Debug|Any CPU
		{1C8D99C8-0557-4E05-A0EB-0C50A8723910}.Debug|Any CPU.Build.0 = Debug|Any CPU
		{1C8D99C8-0557-4E05-A0EB-0C50A8723910}.Release|Any CPU.ActiveCfg = Release|Any CPU
		{1C8D99C8-0557-4E05-A0EB-0C50A8723910}.Release|Any CPU.Build.0 = Release|Any CPU
		{5B09D876-B2DB-46EA-ABDC-130E6DA6E82C}.Debug|Any CPU.ActiveCfg = Debug|Any CPU
		{5B09D876-B2DB-46EA-ABDC-130E6DA6E82C}.Debug|Any CPU.Build.0 = Debug|Any CPU
		{5B09D876-B2DB-46EA-ABDC-130E6DA6E82C}.Release|Any CPU.ActiveCfg = Release|Any CPU
		{5B09D876-B2DB-46EA-ABDC-130E6DA6E82C}.Release|Any CPU.Build.0 = Release|Any CPU
		{C6ABB91E-89A6-420F-ACBF-7119C8821EB8}.Debug|Any CPU.ActiveCfg = Debug|Any CPU
		{C6ABB91E-89A6-420F-ACBF-7119C8821EB8}.Debug|Any CPU.Build.0 = Debug|Any CPU
		{C6ABB91E-89A6-420F-ACBF-7119C8821EB8}.Release|Any CPU.ActiveCfg = Release|Any CPU
		{C6ABB91E-89A6-420F-ACBF-7119C8821EB8}.Release|Any CPU.Build.0 = Release|Any CPU
		{CC418054-A1A3-42DD-8214-935005249DDF}.Debug|Any CPU.ActiveCfg = Debug|Any CPU
		{CC418054-A1A3-42DD-8214-935005249DDF}.Debug|Any CPU.Build.0 = Debug|Any CPU
		{CC418054-A1A3-42DD-8214-935005249DDF}.Release|Any CPU.ActiveCfg = Release|Any CPU
		{CC418054-A1A3-42DD-8214-935005249DDF}.Release|Any CPU.Build.0 = Release|Any CPU
		{C353C6B8-BD4E-4CF0-B213-7C7B28842066}.Debug|Any CPU.ActiveCfg = Debug|Any CPU
		{C353C6B8-BD4E-4CF0-B213-7C7B28842066}.Debug|Any CPU.Build.0 = Debug|Any CPU
		{C353C6B8-BD4E-4CF0-B213-7C7B28842066}.Release|Any CPU.ActiveCfg = Release|Any CPU
		{C353C6B8-BD4E-4CF0-B213-7C7B28842066}.Release|Any CPU.Build.0 = Release|Any CPU
		{CC75BF42-AF11-48B9-8F1F-86F5194D0C28}.Debug|Any CPU.ActiveCfg = Debug|Any CPU
		{CC75BF42-AF11-48B9-8F1F-86F5194D0C28}.Debug|Any CPU.Build.0 = Debug|Any CPU
		{CC75BF42-AF11-48B9-8F1F-86F5194D0C28}.Release|Any CPU.ActiveCfg = Release|Any CPU
		{CC75BF42-AF11-48B9-8F1F-86F5194D0C28}.Release|Any CPU.Build.0 = Release|Any CPU
		{9BEA5119-4EDD-4685-970C-C4FAD9CB06F1}.Debug|Any CPU.ActiveCfg = Debug|Any CPU
		{9BEA5119-4EDD-4685-970C-C4FAD9CB06F1}.Debug|Any CPU.Build.0 = Debug|Any CPU
		{9BEA5119-4EDD-4685-970C-C4FAD9CB06F1}.Release|Any CPU.ActiveCfg = Release|Any CPU
		{9BEA5119-4EDD-4685-970C-C4FAD9CB06F1}.Release|Any CPU.Build.0 = Release|Any CPU
		{1FAD2822-6E27-44DD-8AC0-3E90635BC0B8}.Debug|Any CPU.ActiveCfg = Debug|Any CPU
		{1FAD2822-6E27-44DD-8AC0-3E90635BC0B8}.Debug|Any CPU.Build.0 = Debug|Any CPU
		{1FAD2822-6E27-44DD-8AC0-3E90635BC0B8}.Release|Any CPU.ActiveCfg = Release|Any CPU
		{1FAD2822-6E27-44DD-8AC0-3E90635BC0B8}.Release|Any CPU.Build.0 = Release|Any CPU
		{41C90E45-F102-452E-921F-803914DFF09D}.Debug|Any CPU.ActiveCfg = Debug|Any CPU
		{41C90E45-F102-452E-921F-803914DFF09D}.Debug|Any CPU.Build.0 = Debug|Any CPU
		{41C90E45-F102-452E-921F-803914DFF09D}.Release|Any CPU.ActiveCfg = Release|Any CPU
		{41C90E45-F102-452E-921F-803914DFF09D}.Release|Any CPU.Build.0 = Release|Any CPU
		{C01963FB-2FE6-4D69-BD3E-1D4D33D8686F}.Debug|Any CPU.ActiveCfg = Debug|Any CPU
		{C01963FB-2FE6-4D69-BD3E-1D4D33D8686F}.Debug|Any CPU.Build.0 = Debug|Any CPU
		{C01963FB-2FE6-4D69-BD3E-1D4D33D8686F}.Release|Any CPU.ActiveCfg = Release|Any CPU
		{C01963FB-2FE6-4D69-BD3E-1D4D33D8686F}.Release|Any CPU.Build.0 = Release|Any CPU
		{DAA7F36D-3BCA-49BE-943D-2215710EA40F}.Debug|Any CPU.ActiveCfg = Debug|Any CPU
		{DAA7F36D-3BCA-49BE-943D-2215710EA40F}.Debug|Any CPU.Build.0 = Debug|Any CPU
		{DAA7F36D-3BCA-49BE-943D-2215710EA40F}.Release|Any CPU.ActiveCfg = Release|Any CPU
		{DAA7F36D-3BCA-49BE-943D-2215710EA40F}.Release|Any CPU.Build.0 = Release|Any CPU
		{EB5474E7-F207-4025-BB6D-5CE4304D4A18}.Debug|Any CPU.ActiveCfg = Debug|Any CPU
		{EB5474E7-F207-4025-BB6D-5CE4304D4A18}.Debug|Any CPU.Build.0 = Debug|Any CPU
		{EB5474E7-F207-4025-BB6D-5CE4304D4A18}.Release|Any CPU.ActiveCfg = Release|Any CPU
		{EB5474E7-F207-4025-BB6D-5CE4304D4A18}.Release|Any CPU.Build.0 = Release|Any CPU
		{FC4FD518-FC36-48D8-B458-0C7258229745}.Debug|Any CPU.ActiveCfg = Debug|Any CPU
		{FC4FD518-FC36-48D8-B458-0C7258229745}.Debug|Any CPU.Build.0 = Debug|Any CPU
		{FC4FD518-FC36-48D8-B458-0C7258229745}.Release|Any CPU.ActiveCfg = Release|Any CPU
		{FC4FD518-FC36-48D8-B458-0C7258229745}.Release|Any CPU.Build.0 = Release|Any CPU
		{12DA451B-D5B9-453B-8B07-FFFCCBA7742E}.Debug|Any CPU.ActiveCfg = Debug|Any CPU
		{12DA451B-D5B9-453B-8B07-FFFCCBA7742E}.Debug|Any CPU.Build.0 = Debug|Any CPU
		{12DA451B-D5B9-453B-8B07-FFFCCBA7742E}.Release|Any CPU.ActiveCfg = Release|Any CPU
		{12DA451B-D5B9-453B-8B07-FFFCCBA7742E}.Release|Any CPU.Build.0 = Release|Any CPU
		{1ACDADFE-53D8-4171-BB66-85AFE91205DD}.Debug|Any CPU.ActiveCfg = Debug|Any CPU
		{1ACDADFE-53D8-4171-BB66-85AFE91205DD}.Debug|Any CPU.Build.0 = Debug|Any CPU
		{1ACDADFE-53D8-4171-BB66-85AFE91205DD}.Release|Any CPU.ActiveCfg = Release|Any CPU
		{1ACDADFE-53D8-4171-BB66-85AFE91205DD}.Release|Any CPU.Build.0 = Release|Any CPU
		{4A1405F7-7488-4F1C-A520-FF90EF8AF83B}.Debug|Any CPU.ActiveCfg = Debug|Any CPU
		{4A1405F7-7488-4F1C-A520-FF90EF8AF83B}.Debug|Any CPU.Build.0 = Debug|Any CPU
		{4A1405F7-7488-4F1C-A520-FF90EF8AF83B}.Release|Any CPU.ActiveCfg = Release|Any CPU
		{4A1405F7-7488-4F1C-A520-FF90EF8AF83B}.Release|Any CPU.Build.0 = Release|Any CPU
		{7205BCBC-E07C-46ED-8561-A1663515AEC6}.Debug|Any CPU.ActiveCfg = Debug|Any CPU
		{7205BCBC-E07C-46ED-8561-A1663515AEC6}.Debug|Any CPU.Build.0 = Debug|Any CPU
		{7205BCBC-E07C-46ED-8561-A1663515AEC6}.Release|Any CPU.ActiveCfg = Release|Any CPU
		{7205BCBC-E07C-46ED-8561-A1663515AEC6}.Release|Any CPU.Build.0 = Release|Any CPU
		{1C644898-999F-4A15-8C16-9ACD72F9C828}.Debug|Any CPU.ActiveCfg = Debug|Any CPU
		{1C644898-999F-4A15-8C16-9ACD72F9C828}.Debug|Any CPU.Build.0 = Debug|Any CPU
		{1C644898-999F-4A15-8C16-9ACD72F9C828}.Release|Any CPU.ActiveCfg = Release|Any CPU
		{1C644898-999F-4A15-8C16-9ACD72F9C828}.Release|Any CPU.Build.0 = Release|Any CPU
		{F60CF01A-1F41-450D-ADB2-8DACAD537E96}.Debug|Any CPU.ActiveCfg = Debug|Any CPU
		{F60CF01A-1F41-450D-ADB2-8DACAD537E96}.Debug|Any CPU.Build.0 = Debug|Any CPU
		{F60CF01A-1F41-450D-ADB2-8DACAD537E96}.Release|Any CPU.ActiveCfg = Release|Any CPU
		{F60CF01A-1F41-450D-ADB2-8DACAD537E96}.Release|Any CPU.Build.0 = Release|Any CPU
	EndGlobalSection
	GlobalSection(SolutionProperties) = preSolution
		HideSolutionNode = FALSE
	EndGlobalSection
	GlobalSection(NestedProjects) = preSolution
		{0479AEE5-3B55-4A1E-97D5-F25F1309482F} = {63D1C307-B409-492E-87B5-828FAB9A47D9}
		{1B30DAB9-8BFB-41AA-8664-184139845102} = {63D1C307-B409-492E-87B5-828FAB9A47D9}
		{660A6CA5-8587-41C4-9CE6-EC64ED527A35} = {63D1C307-B409-492E-87B5-828FAB9A47D9}
		{94C5CA3C-506D-47D0-BD71-AC998340BAF3} = {63D1C307-B409-492E-87B5-828FAB9A47D9}
		{3C0A6F16-AAE7-4B64-A2D9-38CD5D7C33B6} = {63D1C307-B409-492E-87B5-828FAB9A47D9}
		{1C8D99C8-0557-4E05-A0EB-0C50A8723910} = {63D1C307-B409-492E-87B5-828FAB9A47D9}
		{5B09D876-B2DB-46EA-ABDC-130E6DA6E82C} = {63D1C307-B409-492E-87B5-828FAB9A47D9}
		{C6ABB91E-89A6-420F-ACBF-7119C8821EB8} = {63D1C307-B409-492E-87B5-828FAB9A47D9}
		{CC418054-A1A3-42DD-8214-935005249DDF} = {63D1C307-B409-492E-87B5-828FAB9A47D9}
		{C353C6B8-BD4E-4CF0-B213-7C7B28842066} = {63D1C307-B409-492E-87B5-828FAB9A47D9}
		{CC75BF42-AF11-48B9-8F1F-86F5194D0C28} = {63D1C307-B409-492E-87B5-828FAB9A47D9}
		{9BEA5119-4EDD-4685-970C-C4FAD9CB06F1} = {63D1C307-B409-492E-87B5-828FAB9A47D9}
		{1FAD2822-6E27-44DD-8AC0-3E90635BC0B8} = {63D1C307-B409-492E-87B5-828FAB9A47D9}
		{41C90E45-F102-452E-921F-803914DFF09D} = {63D1C307-B409-492E-87B5-828FAB9A47D9}
		{C01963FB-2FE6-4D69-BD3E-1D4D33D8686F} = {63D1C307-B409-492E-87B5-828FAB9A47D9}
		{DAA7F36D-3BCA-49BE-943D-2215710EA40F} = {63D1C307-B409-492E-87B5-828FAB9A47D9}
		{EB5474E7-F207-4025-BB6D-5CE4304D4A18} = {63D1C307-B409-492E-87B5-828FAB9A47D9}
		{FC4FD518-FC36-48D8-B458-0C7258229745} = {63D1C307-B409-492E-87B5-828FAB9A47D9}
		{12DA451B-D5B9-453B-8B07-FFFCCBA7742E} = {052AE8BA-480B-4CE4-9515-318E41C515B8}
		{1ACDADFE-53D8-4171-BB66-85AFE91205DD} = {63D1C307-B409-492E-87B5-828FAB9A47D9}
		{4A1405F7-7488-4F1C-A520-FF90EF8AF83B} = {63D1C307-B409-492E-87B5-828FAB9A47D9}
		{18AFC8BD-2D17-40F0-B02C-34F67C5A7D79} = {052AE8BA-480B-4CE4-9515-318E41C515B8}
		{69BF3823-D5CD-42C4-BE63-8133A6D97A93} = {052AE8BA-480B-4CE4-9515-318E41C515B8}
		{B4DD4534-945F-4FD1-894D-E5AC2CC254FC} = {052AE8BA-480B-4CE4-9515-318E41C515B8}
		{6A9D7D85-897B-4660-B068-C8246BE79519} = {052AE8BA-480B-4CE4-9515-318E41C515B8}
		{1CE00F9B-1598-40BC-80B0-A184D2A68246} = {052AE8BA-480B-4CE4-9515-318E41C515B8}
		{58D5D147-A1C6-4051-9CB0-1D4B44949AA6} = {052AE8BA-480B-4CE4-9515-318E41C515B8}
		{5CF16D7B-E3ED-463B-BBD9-BA483A7EB4BE} = {052AE8BA-480B-4CE4-9515-318E41C515B8}
		{66A97FF4-5D8D-44E4-B5A0-2875B566DCB9} = {052AE8BA-480B-4CE4-9515-318E41C515B8}
		{1C6C3236-F3D0-41D7-8E27-25FC29439511} = {052AE8BA-480B-4CE4-9515-318E41C515B8}
		{C7D560AC-A66B-44E9-8634-26543A8EAD2D} = {052AE8BA-480B-4CE4-9515-318E41C515B8}
		{D41EDAE0-59E2-4FAF-9FDA-B36C7B22AC60} = {052AE8BA-480B-4CE4-9515-318E41C515B8}
		{747F302D-F7A8-468B-BE17-0DFC46A1F181} = {052AE8BA-480B-4CE4-9515-318E41C515B8}
		{7205BCBC-E07C-46ED-8561-A1663515AEC6} = {63D1C307-B409-492E-87B5-828FAB9A47D9}
		{1D64AFE7-5361-41BF-A1AC-95CE4B81D988} = {052AE8BA-480B-4CE4-9515-318E41C515B8}
		{ABF9C164-ADDE-4E24-B5D9-2B4247F323D9} = {052AE8BA-480B-4CE4-9515-318E41C515B8}
		{CD786AA9-0EFF-4445-B49C-FAE46451F8BC} = {052AE8BA-480B-4CE4-9515-318E41C515B8}
		{1C644898-999F-4A15-8C16-9ACD72F9C828} = {63D1C307-B409-492E-87B5-828FAB9A47D9}
		{F60CF01A-1F41-450D-ADB2-8DACAD537E96} = {63D1C307-B409-492E-87B5-828FAB9A47D9}
		{957218FD-0307-4215-B7C9-CA7D207A0309} = {052AE8BA-480B-4CE4-9515-318E41C515B8}
	EndGlobalSection
	GlobalSection(ExtensibilityGlobals) = postSolution
		SolutionGuid = {C0A20A57-39B7-4A17-85B0-DB0190848294}
	EndGlobalSection
EndGlobal
